hash: 1970c2b251ed8d4aefdcc3a222891cc08340e14ef89989e85cbccd406ca8a9ed
updated: 2017-03-27T00:34:49.586258004+09:00
imports:
- name: github.com/ikawaha/kagome
  version: 26439f7888f7882eddf113614187fc1109369f47
  subpackages:
  - internal/da
  - internal/dic
  - internal/dic/data
  - internal/lattice
  - tokenizer
testImports: []
